{
  "name": "activereportsnet-viewer-deployer",
  "version": "1.0.0",
  "lockfileVersion": 3,
  "requires": true,
  "packages": {
    "": {
      "name": "activereportsnet-viewer-deployer",
      "version": "1.0.0",
      "license": "MIT",
      "devDependencies": {
        "@mescius/activereportsnet-viewer-ja": "20.1.1",
        "ncp": "^2.0.0"
      }
    },
    "node_modules/@mescius/activereportsnet-viewer-ja": {
      "version": "20.1.1",
      "resolved": "https://registry.npmjs.org/@mescius/activereportsnet-viewer-ja/-/activereportsnet-viewer-ja-20.1.1.tgz",
      "integrity": "sha512-81KNs7W0//xekdNiyeX+NXshsQGgbrpbCcDK1grktVVQru9EtPSjkl97Gtkbuij0IhpYuHem0E689MWgEARgXA==",
      "dev": true,
      "license": "Commercial"
    },
    "node_modules/ncp": {
      "version": "2.0.0",
      "resolved": "https://registry.npmjs.org/ncp/-/ncp-2.0.0.tgz",
      "integrity": "sha512-zIdGUrPRFTUELUvr3Gmc7KZ2Sw/h1PiVM0Af/oHB6zgnV1ikqSfRk+TOufi79aHYCW3NiOXmr1BP5nWbzojLaA==",
      "dev": true,
      "license": "MIT",
      "bin": {
        "ncp": "bin/ncp"
      }
    }
  }
}
